
Microsoft Visual Studio Solution File, Format Version 12.00
# Visual Studio Version 17
VisualStudioVersion = 17.3.32929.385
MinimumVisualStudioVersion = 10.0.40219.1
Project("{8BC9CEB8-8B4A-11D0-8D11-00A0C91BC942}") = "func4", "func4\func4.vcxproj", "{E9A7E7E4-F17F-4751-9CAD-00AA1222CEAC}"
EndProject
Global
	GlobalSection(SolutionConfigurationPlatforms) = preSolution
		Debug|x64 = Debug|x64
		Debug|x86 = Debug|x86
		Release|x64 = Release|x64
		Release|x86 = Release|x86
	EndGlobalSection
	GlobalSection(ProjectConfigurationPlatforms) = postSolution
		{E9A7E7E4-F17F-4751-9CAD-00AA1222CEAC}.Debug|x64.ActiveCfg = Debug|x64
		{E9A7E7E4-F17F-4751-9CAD-00AA1222CEAC}.Debug|x64.Build.0 = Debug|x64
		{E9A7E7E4-F17F-4751-9CAD-00AA1222CEAC}.Debug|x86.ActiveCfg = Debug|Win32
		{E9A7E7E4-F17F-4751-9CAD-00AA1222CEAC}.Debug|x86.Build.0 = Debug|Win32
		{E9A7E7E4-F17F-4751-9CAD-00AA1222CEAC}.Release|x64.ActiveCfg = Release|x64
		{E9A7E7E4-F17F-4751-9CAD-00AA1222CEAC}.Release|x64.Build.0 = Release|x64
		{E9A7E7E4-F17F-4751-9CAD-00AA1222CEAC}.Release|x86.ActiveCfg = Release|Win32
		{E9A7E7E4-F17F-4751-9CAD-00AA1222CEAC}.Release|x86.Build.0 = Release|Win32
	EndGlobalSection
	GlobalSection(SolutionProperties) = preSolution
		HideSolutionNode = FALSE
	EndGlobalSection
	GlobalSection(ExtensibilityGlobals) = postSolution
		SolutionGuid = {364524C4-6A06-4FFA-A7A0-DC25A2A3F6AB}
	EndGlobalSection
EndGlobal
